# This file is autogenerated, do not edit; changes may be undone by the next 'dep ensure'.


[[projects]]
  branch = "master"
  digest = "1:315c5f2f60c76d89b871c73f9bd5fe689cad96597afd50fb9992228ef80bdd34"
  name = "github.com/alecthomas/template"
  packages = [
    ".",
    "parse",
  ]
  pruneopts = "UT"
  revision = "a0175ee3bccc567396460bf5acd36800cb10c49c"

[[projects]]
  branch = "master"
  digest = "1:c198fdc381e898e8fb62b8eb62758195091c313ad18e52a3067366e1dda2fb3c"
  name = "github.com/alecthomas/units"
  packages = ["."]
  pruneopts = "UT"
  revision = "2efee857e7cfd4f3d0138cc3cbb1b4966962b93a"

[[projects]]
  branch = "master"
  digest = "1:5fdfd8dfdb323ae8328363ec4f80a9aeb204da807578a0d620ef8ae54e881cb3"
  name = "github.com/davecgh/go-xdr"
  packages = ["xdr2"]
  pruneopts = "UT"
  revision = "e6a2ba005892b6a5b27cb5352f64c2e96942dd28"

[[projects]]
  branch = "master"
  digest = "1:adf277946da49791662f31b4665035c62c2d9e3a6fc81a68b42968dfe94c4386"
  name = "github.com/digitalocean/go-libvirt"
  packages = [
    ".",
    "internal/constants",
  ]
  pruneopts = "UT"
  revision = "893c43b4a17ca91b85a5dbf9d3e94c7ea11bd8fe"

[[projects]]
  digest = "1:c6ae060034c8ea83319767d9ce4de2c58b15bb7b3f628c49ec7ae025d35c62b6"
  name = "github.com/go-cmd/cmd"
  packages = ["."]
  pruneopts = "UT"
  revision = "b84ca4f2247327f07f46331c260675cba1a1dc7a"
  version = "v1.0.3"

[[projects]]
  branch = "master"
  digest = "1:180e2b2d93cab7f21b17c944e7c9cc5e55ebeeddebe0a0038fc82f885dae2e24"
  name = "github.com/jollheef/go-system"
  packages = ["."]
  pruneopts = "UT"
  revision = "6ed6b1d2b8dbf44afb949ebae53b57690e6952ec"

[[projects]]
  digest = "1:cdb899c199f907ac9fb50495ec71212c95cb5b0e0a8ee0800da0238036091033"
  name = "github.com/mattn/go-runewidth"
  packages = ["."]
  pruneopts = "UT"
  revision = "ce7b0b5c7b45a81508558cd1dba6bb1e4ddb51bb"
  version = "v0.0.3"

[[projects]]
  branch = "master"
  digest = "1:f611266e3ac01ab4adb6f1d67f6c1be82998d02f452faff450596658712d860b"
  name = "github.com/olekukonko/tablewriter"
  packages = ["."]
  pruneopts = "UT"
  revision = "be2c049b30ccd4d3fd795d6bf7dce74e42eeedaa"

[[projects]]
  digest = "1:c06d9e11d955af78ac3bbb26bd02e01d2f61f689e1a3bce2ef6fb683ef8a7f2d"
  name = "gopkg.in/alecthomas/kingpin.v2"
  packages = ["."]
  pruneopts = "UT"
  revision = "947dcec5ba9c011838740e680966fd7087a71d0d"
  version = "v2.2.6"

[solve-meta]
  analyzer-name = "dep"
  analyzer-version = 1
  input-imports = [
    "github.com/digitalocean/go-libvirt",
    "github.com/go-cmd/cmd",
    "github.com/jollheef/go-system",
    "github.com/olekukonko/tablewriter",
    "gopkg.in/alecthomas/kingpin.v2",
  ]
  solver-name = "gps-cdcl"
  solver-version = 1
